
Microsoft Visual Studio Solution File, Format Version 12.00
# Visual Studio Version 17
VisualStudioVersion = 17.14.36408.4 d17.14
MinimumVisualStudioVersion = 10.0.40219.1
Project("{FAE04EC0-301F-11D3-BF4B-00C04F79EFBC}") = "QueueingSystem", "QueueingSystem\QueueingSystem.csproj", "{D6B80811-3E78-4FF7-A714-4C86B167F6EE}"
EndProject
Global
	GlobalSection(SolutionConfigurationPlatforms) = preSolution
		Debug|Any CPU = Debug|Any CPU
		Release|Any CPU = Release|Any CPU
	EndGlobalSection
	GlobalSection(ProjectConfigurationPlatforms) = postSolution
		{D6B80811-3E78-4FF7-A714-4C86B167F6EE}.Debug|Any CPU.ActiveCfg = Debug|Any CPU
		{D6B80811-3E78-4FF7-A714-4C86B167F6EE}.Debug|Any CPU.Build.0 = Debug|Any CPU
		{D6B80811-3E78-4FF7-A714-4C86B167F6EE}.Release|Any CPU.ActiveCfg = Release|Any CPU
		{D6B80811-3E78-4FF7-A714-4C86B167F6EE}.Release|Any CPU.Build.0 = Release|Any CPU
	EndGlobalSection
	GlobalSection(SolutionProperties) = preSolution
		HideSolutionNode = FALSE
	EndGlobalSection
	GlobalSection(ExtensibilityGlobals) = postSolution
		SolutionGuid = {CE5EAA29-5726-42F7-8168-14BCE1989C4B}
	EndGlobalSection
EndGlobal
